
Microsoft Visual Studio Solution File, Format Version 12.00
# Visual Studio Version 17
VisualStudioVersion = 17.5.33502.453
MinimumVisualStudioVersion = 10.0.40219.1
Project("{FAE04EC0-301F-11D3-BF4B-00C04F79EFBC}") = "GCIX Tool", "GCIX Tool.csproj", "{16AE8EA6-1B35-43D3-BDBB-09DCBA0928DD}"
EndProject
Global
	GlobalSection(SolutionConfigurationPlatforms) = preSolution
		Debug|Any CPU = Debug|Any CPU
		Release|Any CPU = Release|Any CPU
	EndGlobalSection
	GlobalSection(ProjectConfigurationPlatforms) = postSolution
		{16AE8EA6-1B35-43D3-BDBB-09DCBA0928DD}.Debug|Any CPU.ActiveCfg = Debug|Any CPU
		{16AE8EA6-1B35-43D3-BDBB-09DCBA0928DD}.Debug|Any CPU.Build.0 = Debug|Any CPU
		{16AE8EA6-1B35-43D3-BDBB-09DCBA0928DD}.Release|Any CPU.ActiveCfg = Release|Any CPU
		{16AE8EA6-1B35-43D3-BDBB-09DCBA0928DD}.Release|Any CPU.Build.0 = Release|Any CPU
	EndGlobalSection
	GlobalSection(SolutionProperties) = preSolution
		HideSolutionNode = FALSE
	EndGlobalSection
	GlobalSection(ExtensibilityGlobals) = postSolution
		SolutionGuid = {360D552D-BFDC-4F05-A378-265EF8C2A1FF}
	EndGlobalSection
EndGlobal
